
Microsoft Visual Studio Solution File, Format Version 12.00
# Visual Studio Version 17
VisualStudioVersion = 17.13.35825.156 d17.13
MinimumVisualStudioVersion = 10.0.40219.1
Project("{FAE04EC0-301F-11D3-BF4B-00C04F79EFBC}") = "Flowershop", "Flowershop.csproj", "{5A1A52B9-EC8F-4C10-B755-30CFD6D7C7A2}"
EndProject
Global
	GlobalSection(SolutionConfigurationPlatforms) = preSolution
		Debug|Any CPU = Debug|Any CPU
		Release|Any CPU = Release|Any CPU
	EndGlobalSection
	GlobalSection(ProjectConfigurationPlatforms) = postSolution
		{5A1A52B9-EC8F-4C10-B755-30CFD6D7C7A2}.Debug|Any CPU.ActiveCfg = Debug|Any CPU
		{5A1A52B9-EC8F-4C10-B755-30CFD6D7C7A2}.Debug|Any CPU.Build.0 = Debug|Any CPU
		{5A1A52B9-EC8F-4C10-B755-30CFD6D7C7A2}.Release|Any CPU.ActiveCfg = Release|Any CPU
		{5A1A52B9-EC8F-4C10-B755-30CFD6D7C7A2}.Release|Any CPU.Build.0 = Release|Any CPU
	EndGlobalSection
	GlobalSection(SolutionProperties) = preSolution
		HideSolutionNode = FALSE
	EndGlobalSection
	GlobalSection(ExtensibilityGlobals) = postSolution
		SolutionGuid = {416E4A1F-A3CF-44D9-A8D3-681D3BBE5244}
	EndGlobalSection
EndGlobal
